
Microsoft Visual Studio Solution File, Format Version 12.00
# Visual Studio Version 16
VisualStudioVersion = 16.0.31729.503
MinimumVisualStudioVersion = 10.0.40219.1
Project("{9A19103F-16F7-4668-BE54-9A1E7A4F7556}") = "RazorPageAppJay", "RazorPageAppJay\RazorPageAppJay.csproj", "{256D2A02-8B12-4D50-9E07-A91266AEB228}"
EndProject
Global
	GlobalSection(SolutionConfigurationPlatforms) = preSolution
		Debug|Any CPU = Debug|Any CPU
		Release|Any CPU = Release|Any CPU
	EndGlobalSection
	GlobalSection(ProjectConfigurationPlatforms) = postSolution
		{256D2A02-8B12-4D50-9E07-A91266AEB228}.Debug|Any CPU.ActiveCfg = Debug|Any CPU
		{256D2A02-8B12-4D50-9E07-A91266AEB228}.Debug|Any CPU.Build.0 = Debug|Any CPU
		{256D2A02-8B12-4D50-9E07-A91266AEB228}.Release|Any CPU.ActiveCfg = Release|Any CPU
		{256D2A02-8B12-4D50-9E07-A91266AEB228}.Release|Any CPU.Build.0 = Release|Any CPU
	EndGlobalSection
	GlobalSection(SolutionProperties) = preSolution
		HideSolutionNode = FALSE
	EndGlobalSection
	GlobalSection(ExtensibilityGlobals) = postSolution
		SolutionGuid = {A21F1A49-5695-4C54-9D60-B84416F1DF7F}
	EndGlobalSection
EndGlobal
